
Microsoft Visual Studio Solution File, Format Version 12.00
# Visual Studio 15
VisualStudioVersion = 15.0.28010.2003
MinimumVisualStudioVersion = 10.0.40219.1
Project("{FAE04EC0-301F-11D3-BF4B-00C04F79EFBC}") = "Attendance_App.Android", "Attendance_App\Attendance_App.Android\Attendance_App.Android.csproj", "{8112D2CA-5F8F-4CEF-9FBC-6ACF07A7A2EB}"
EndProject
Project("{FAE04EC0-301F-11D3-BF4B-00C04F79EFBC}") = "Attendance_App.iOS", "Attendance_App\Attendance_App.iOS\Attendance_App.iOS.csproj", "{D08FE799-450A-4C83-8F82-3E17BD6D90A6}"
EndProject
Project("{FAE04EC0-301F-11D3-BF4B-00C04F79EFBC}") = "Attendance_App", "Attendance_App\Attendance_App\Attendance_App.csproj", "{E6C1E2CB-8B52-4C3D-93DE-832988199D07}"
EndProject
Global
	GlobalSection(SolutionConfigurationPlatforms) = preSolution
		Ad-Hoc|Any CPU = Ad-Hoc|Any CPU
		Ad-Hoc|iPhone = Ad-Hoc|iPhone
		Ad-Hoc|iPhoneSimulator = Ad-Hoc|iPhoneSimulator
		AppStore|Any CPU = AppStore|Any CPU
		AppStore|iPhone = AppStore|iPhone
		AppStore|iPhoneSimulator = AppStore|iPhoneSimulator
		Debug|Any CPU = Debug|Any CPU
		Debug|iPhone = Debug|iPhone
		Debug|iPhoneSimulator = Debug|iPhoneSimulator
		Release|Any CPU = Release|Any CPU
		Release|iPhone = Release|iPhone
		Release|iPhoneSimulator = Release|iPhoneSimulator
	EndGlobalSection
	GlobalSection(ProjectConfigurationPlatforms) = postSolution
		{8112D2CA-5F8F-4CEF-9FBC-6ACF07A7A2EB}.Ad-Hoc|Any CPU.ActiveCfg = Release|Any CPU
		{8112D2CA-5F8F-4CEF-9FBC-6ACF07A7A2EB}.Ad-Hoc|Any CPU.Build.0 = Release|Any CPU
		{8112D2CA-5F8F-4CEF-9FBC-6ACF07A7A2EB}.Ad-Hoc|Any CPU.Deploy.0 = Release|Any CPU
		{8112D2CA-5F8F-4CEF-9FBC-6ACF07A7A2EB}.Ad-Hoc|iPhone.ActiveCfg = Release|Any CPU
		{8112D2CA-5F8F-4CEF-9FBC-6ACF07A7A2EB}.Ad-Hoc|iPhone.Build.0 = Release|Any CPU
		{8112D2CA-5F8F-4CEF-9FBC-6ACF07A7A2EB}.Ad-Hoc|iPhone.Deploy.0 = Release|Any CPU
		{8112D2CA-5F8F-4CEF-9FBC-6ACF07A7A2EB}.Ad-Hoc|iPhoneSimulator.ActiveCfg = Release|Any CPU
		{8112D2CA-5F8F-4CEF-9FBC-6ACF07A7A2EB}.Ad-Hoc|iPhoneSimulator.Build.0 = Release|Any CPU
		{8112D2CA-5F8F-4CEF-9FBC-6ACF07A7A2EB}.Ad-Hoc|iPhoneSimulator.Deploy.0 = Release|Any CPU
		{8112D2CA-5F8F-4CEF-9FBC-6ACF07A7A2EB}.AppStore|Any CPU.ActiveCfg = Release|Any CPU
		{8112D2CA-5F8F-4CEF-9FBC-6ACF07A7A2EB}.AppStore|Any CPU.Build.0 = Release|Any CPU
		{8112D2CA-5F8F-4CEF-9FBC-6ACF07A7A2EB}.AppStore|Any CPU.Deploy.0 = Release|Any CPU
		{8112D2CA-5F8F-4CEF-9FBC-6ACF07A7A2EB}.AppStore|iPhone.ActiveCfg = Release|Any CPU
		{8112D2CA-5F8F-4CEF-9FBC-6ACF07A7A2EB}.AppStore|iPhone.Build.0 = Release|Any CPU
		{8112D2CA-5F8F-4CEF-9FBC-6ACF07A7A2EB}.AppStore|iPhone.Deploy.0 = Release|Any CPU
		{8112D2CA-5F8F-4CEF-9FBC-6ACF07A7A2EB}.AppStore|iPhoneSimulator.ActiveCfg = Release|Any CPU
		{8112D2CA-5F8F-4CEF-9FBC-6ACF07A7A2EB}.AppStore|iPhoneSimulator.Build.0 = Release|Any CPU
		{8112D2CA-5F8F-4CEF-9FBC-6ACF07A7A2EB}.AppStore|iPhoneSimulator.Deploy.0 = Release|Any CPU
		{8112D2CA-5F8F-4CEF-9FBC-6ACF07A7A2EB}.Debug|Any CPU.ActiveCfg = Debug|Any CPU
		{8112D2CA-5F8F-4CEF-9FBC-6ACF07A7A2EB}.Debug|Any CPU.Build.0 = Debug|Any CPU
		{8112D2CA-5F8F-4CEF-9FBC-6ACF07A7A2EB}.Debug|Any CPU.Deploy.0 = Debug|Any CPU
		{8112D2CA-5F8F-4CEF-9FBC-6ACF07A7A2EB}.Debug|iPhone.ActiveCfg = Debug|Any CPU
		{8112D2CA-5F8F-4CEF-9FBC-6ACF07A7A2EB}.Debug|iPhone.Build.0 = Debug|Any CPU
		{8112D2CA-5F8F-4CEF-9FBC-6ACF07A7A2EB}.Debug|iPhone.Deploy.0 = Debug|Any CPU
		{8112D2CA-5F8F-4CEF-9FBC-6ACF07A7A2EB}.Debug|iPhoneSimulator.ActiveCfg = Debug|Any CPU
		{8112D2CA-5F8F-4CEF-9FBC-6ACF07A7A2EB}.Debug|iPhoneSimulator.Build.0 = Debug|Any CPU
		{8112D2CA-5F8F-4CEF-9FBC-6ACF07A7A2EB}.Debug|iPhoneSimulator.Deploy.0 = Debug|Any CPU
		{8112D2CA-5F8F-4CEF-9FBC-6ACF07A7A2EB}.Release|Any CPU.ActiveCfg = Release|Any CPU
		{8112D2CA-5F8F-4CEF-9FBC-6ACF07A7A2EB}.Release|Any CPU.Build.0 = Release|Any CPU
		{8112D2CA-5F8F-4CEF-9FBC-6ACF07A7A2EB}.Release|Any CPU.Deploy.0 = Release|Any CPU
		{8112D2CA-5F8F-4CEF-9FBC-6ACF07A7A2EB}.Release|iPhone.ActiveCfg = Release|Any CPU
		{8112D2CA-5F8F-4CEF-9FBC-6ACF07A7A2EB}.Release|iPhone.Build.0 = Release|Any CPU
		{8112D2CA-5F8F-4CEF-9FBC-6ACF07A7A2EB}.Release|iPhone.Deploy.0 = Release|Any CPU
		{8112D2CA-5F8F-4CEF-9FBC-6ACF07A7A2EB}.Release|iPhoneSimulator.ActiveCfg = Release|Any CPU
		{8112D2CA-5F8F-4CEF-9FBC-6ACF07A7A2EB}.Release|iPhoneSimulator.Build.0 = Release|Any CPU
		{8112D2CA-5F8F-4CEF-9FBC-6ACF07A7A2EB}.Release|iPhoneSimulator.Deploy.0 = Release|Any CPU
		{D08FE799-450A-4C83-8F82-3E17BD6D90A6}.Ad-Hoc|Any CPU.ActiveCfg = Ad-Hoc|iPhone
		{D08FE799-450A-4C83-8F82-3E17BD6D90A6}.Ad-Hoc|Any CPU.Build.0 = Ad-Hoc|iPhone
		{D08FE799-450A-4C83-8F82-3E17BD6D90A6}.Ad-Hoc|Any CPU.Deploy.0 = Ad-Hoc|iPhone
		{D08FE799-450A-4C83-8F82-3E17BD6D90A6}.Ad-Hoc|iPhone.ActiveCfg = Ad-Hoc|iPhone
		{D08FE799-450A-4C83-8F82-3E17BD6D90A6}.Ad-Hoc|iPhone.Build.0 = Ad-Hoc|iPhone
		{D08FE799-450A-4C83-8F82-3E17BD6D90A6}.Ad-Hoc|iPhone.Deploy.0 = Ad-Hoc|iPhone
		{D08FE799-450A-4C83-8F82-3E17BD6D90A6}.Ad-Hoc|iPhoneSimulator.ActiveCfg = Ad-Hoc|iPhoneSimulator
		{D08FE799-450A-4C83-8F82-3E17BD6D90A6}.Ad-Hoc|iPhoneSimulator.Build.0 = Ad-Hoc|iPhoneSimulator
		{D08FE799-450A-4C83-8F82-3E17BD6D90A6}.Ad-Hoc|iPhoneSimulator.Deploy.0 = Ad-Hoc|iPhoneSimulator
		{D08FE799-450A-4C83-8F82-3E17BD6D90A6}.AppStore|Any CPU.ActiveCfg = AppStore|iPhone
		{D08FE799-450A-4C83-8F82-3E17BD6D90A6}.AppStore|Any CPU.Build.0 = AppStore|iPhone
		{D08FE799-450A-4C83-8F82-3E17BD6D90A6}.AppStore|Any CPU.Deploy.0 = AppStore|iPhone
		{D08FE799-450A-4C83-8F82-3E17BD6D90A6}.AppStore|iPhone.ActiveCfg = AppStore|iPhone
		{D08FE799-450A-4C83-8F82-3E17BD6D90A6}.AppStore|iPhone.Build.0 = AppStore|iPhone
		{D08FE799-450A-4C83-8F82-3E17BD6D90A6}.AppStore|iPhone.Deploy.0 = AppStore|iPhone
		{D08FE799-450A-4C83-8F82-3E17BD6D90A6}.AppStore|iPhoneSimulator.ActiveCfg = AppStore|iPhoneSimulator
		{D08FE799-450A-4C83-8F82-3E17BD6D90A6}.AppStore|iPhoneSimulator.Build.0 = AppStore|iPhoneSimulator
		{D08FE799-450A-4C83-8F82-3E17BD6D90A6}.AppStore|iPhoneSimulator.Deploy.0 = AppStore|iPhoneSimulator
		{D08FE799-450A-4C83-8F82-3E17BD6D90A6}.Debug|Any CPU.ActiveCfg = Debug|iPhoneSimulator
		{D08FE799-450A-4C83-8F82-3E17BD6D90A6}.Debug|Any CPU.Build.0 = Debug|iPhoneSimulator
		{D08FE799-450A-4C83-8F82-3E17BD6D90A6}.Debug|Any CPU.Deploy.0 = Debug|iPhoneSimulator
		{D08FE799-450A-4C83-8F82-3E17BD6D90A6}.Debug|iPhone.ActiveCfg = Debug|iPhone
		{D08FE799-450A-4C83-8F82-3E17BD6D90A6}.Debug|iPhone.Build.0 = Debug|iPhone
		{D08FE799-450A-4C83-8F82-3E17BD6D90A6}.Debug|iPhone.Deploy.0 = Debug|iPhone
		{D08FE799-450A-4C83-8F82-3E17BD6D90A6}.Debug|iPhoneSimulator.ActiveCfg = Debug|iPhoneSimulator
		{D08FE799-450A-4C83-8F82-3E17BD6D90A6}.Debug|iPhoneSimulator.Build.0 = Debug|iPhoneSimulator
		{D08FE799-450A-4C83-8F82-3E17BD6D90A6}.Debug|iPhoneSimulator.Deploy.0 = Debug|iPhoneSimulator
		{D08FE799-450A-4C83-8F82-3E17BD6D90A6}.Release|Any CPU.ActiveCfg = Release|iPhone
		{D08FE799-450A-4C83-8F82-3E17BD6D90A6}.Release|Any CPU.Build.0 = Release|iPhone
		{D08FE799-450A-4C83-8F82-3E17BD6D90A6}.Release|Any CPU.Deploy.0 = Release|iPhone
		{D08FE799-450A-4C83-8F82-3E17BD6D90A6}.Release|iPhone.ActiveCfg = Release|iPhone
		{D08FE799-450A-4C83-8F82-3E17BD6D90A6}.Release|iPhone.Build.0 = Release|iPhone
		{D08FE799-450A-4C83-8F82-3E17BD6D90A6}.Release|iPhone.Deploy.0 = Release|iPhone
		{D08FE799-450A-4C83-8F82-3E17BD6D90A6}.Release|iPhoneSimulator.ActiveCfg = Release|iPhoneSimulator
		{D08FE799-450A-4C83-8F82-3E17BD6D90A6}.Release|iPhoneSimulator.Build.0 = Release|iPhoneSimulator
		{D08FE799-450A-4C83-8F82-3E17BD6D90A6}.Release|iPhoneSimulator.Deploy.0 = Release|iPhoneSimulator
		{E6C1E2CB-8B52-4C3D-93DE-832988199D07}.Ad-Hoc|Any CPU.ActiveCfg = Debug|Any CPU
		{E6C1E2CB-8B52-4C3D-93DE-832988199D07}.Ad-Hoc|Any CPU.Build.0 = Debug|Any CPU
		{E6C1E2CB-8B52-4C3D-93DE-832988199D07}.Ad-Hoc|Any CPU.Deploy.0 = Debug|Any CPU
		{E6C1E2CB-8B52-4C3D-93DE-832988199D07}.Ad-Hoc|iPhone.ActiveCfg = Debug|Any CPU
		{E6C1E2CB-8B52-4C3D-93DE-832988199D07}.Ad-Hoc|iPhone.Build.0 = Debug|Any CPU
		{E6C1E2CB-8B52-4C3D-93DE-832988199D07}.Ad-Hoc|iPhone.Deploy.0 = Debug|Any CPU
		{E6C1E2CB-8B52-4C3D-93DE-832988199D07}.Ad-Hoc|iPhoneSimulator.ActiveCfg = Debug|Any CPU
		{E6C1E2CB-8B52-4C3D-93DE-832988199D07}.Ad-Hoc|iPhoneSimulator.Build.0 = Debug|Any CPU
		{E6C1E2CB-8B52-4C3D-93DE-832988199D07}.Ad-Hoc|iPhoneSimulator.Deploy.0 = Debug|Any CPU
		{E6C1E2CB-8B52-4C3D-93DE-832988199D07}.AppStore|Any CPU.ActiveCfg = Debug|Any CPU
		{E6C1E2CB-8B52-4C3D-93DE-832988199D07}.AppStore|Any CPU.Build.0 = Debug|Any CPU
		{E6C1E2CB-8B52-4C3D-93DE-832988199D07}.AppStore|Any CPU.Deploy.0 = Debug|Any CPU
		{E6C1E2CB-8B52-4C3D-93DE-832988199D07}.AppStore|iPhone.ActiveCfg = Debug|Any CPU
		{E6C1E2CB-8B52-4C3D-93DE-832988199D07}.AppStore|iPhone.Build.0 = Debug|Any CPU
		{E6C1E2CB-8B52-4C3D-93DE-832988199D07}.AppStore|iPhone.Deploy.0 = Debug|Any CPU
		{E6C1E2CB-8B52-4C3D-93DE-832988199D07}.AppStore|iPhoneSimulator.ActiveCfg = Debug|Any CPU
		{E6C1E2CB-8B52-4C3D-93DE-832988199D07}.AppStore|iPhoneSimulator.Build.0 = Debug|Any CPU
		{E6C1E2CB-8B52-4C3D-93DE-832988199D07}.AppStore|iPhoneSimulator.Deploy.0 = Debug|Any CPU
		{E6C1E2CB-8B52-4C3D-93DE-832988199D07}.Debug|Any CPU.ActiveCfg = Debug|Any CPU
		{E6C1E2CB-8B52-4C3D-93DE-832988199D07}.Debug|Any CPU.Build.0 = Debug|Any CPU
		{E6C1E2CB-8B52-4C3D-93DE-832988199D07}.Debug|Any CPU.Deploy.0 = Debug|Any CPU
		{E6C1E2CB-8B52-4C3D-93DE-832988199D07}.Debug|iPhone.ActiveCfg = Debug|Any CPU
		{E6C1E2CB-8B52-4C3D-93DE-832988199D07}.Debug|iPhone.Build.0 = Debug|Any CPU
		{E6C1E2CB-8B52-4C3D-93DE-832988199D07}.Debug|iPhone.Deploy.0 = Debug|Any CPU
		{E6C1E2CB-8B52-4C3D-93DE-832988199D07}.Debug|iPhoneSimulator.ActiveCfg = Debug|Any CPU
		{E6C1E2CB-8B52-4C3D-93DE-832988199D07}.Debug|iPhoneSimulator.Build.0 = Debug|Any CPU
		{E6C1E2CB-8B52-4C3D-93DE-832988199D07}.Debug|iPhoneSimulator.Deploy.0 = Debug|Any CPU
		{E6C1E2CB-8B52-4C3D-93DE-832988199D07}.Release|Any CPU.ActiveCfg = Release|Any CPU
		{E6C1E2CB-8B52-4C3D-93DE-832988199D07}.Release|Any CPU.Build.0 = Release|Any CPU
		{E6C1E2CB-8B52-4C3D-93DE-832988199D07}.Release|Any CPU.Deploy.0 = Release|Any CPU
		{E6C1E2CB-8B52-4C3D-93DE-832988199D07}.Release|iPhone.ActiveCfg = Release|Any CPU
		{E6C1E2CB-8B52-4C3D-93DE-832988199D07}.Release|iPhone.Build.0 = Release|Any CPU
		{E6C1E2CB-8B52-4C3D-93DE-832988199D07}.Release|iPhone.Deploy.0 = Release|Any CPU
		{E6C1E2CB-8B52-4C3D-93DE-832988199D07}.Release|iPhoneSimulator.ActiveCfg = Release|Any CPU
		{E6C1E2CB-8B52-4C3D-93DE-832988199D07}.Release|iPhoneSimulator.Build.0 = Release|Any CPU
		{E6C1E2CB-8B52-4C3D-93DE-832988199D07}.Release|iPhoneSimulator.Deploy.0 = Release|Any CPU
	EndGlobalSection
	GlobalSection(SolutionProperties) = preSolution
		HideSolutionNode = FALSE
	EndGlobalSection
	GlobalSection(ExtensibilityGlobals) = postSolution
		SolutionGuid = {860DA1CC-D4A3-408B-82E3-B8F7A528CA63}
	EndGlobalSection
EndGlobal
